
Microsoft Visual Studio Solution File, Format Version 12.00
# Visual Studio 15
VisualStudioVersion = 15.0.28307.1800
MinimumVisualStudioVersion = 10.0.40219.1
Project("{FAE04EC0-301F-11D3-BF4B-00C04F79EFBC}") = "1811061689-NguyenHoangDuyThai-BigSchool", "1811061689-NguyenHoangDuyThai-BigSchool\1811061689-NguyenHoangDuyThai-BigSchool.csproj", "{B6B10E16-8DBC-46DC-AF8F-FE03BCAE4DA3}"
EndProject
Global
	GlobalSection(SolutionConfigurationPlatforms) = preSolution
		Debug|Any CPU = Debug|Any CPU
		Release|Any CPU = Release|Any CPU
	EndGlobalSection
	GlobalSection(ProjectConfigurationPlatforms) = postSolution
		{B6B10E16-8DBC-46DC-AF8F-FE03BCAE4DA3}.Debug|Any CPU.ActiveCfg = Debug|Any CPU
		{B6B10E16-8DBC-46DC-AF8F-FE03BCAE4DA3}.Debug|Any CPU.Build.0 = Debug|Any CPU
		{B6B10E16-8DBC-46DC-AF8F-FE03BCAE4DA3}.Release|Any CPU.ActiveCfg = Release|Any CPU
		{B6B10E16-8DBC-46DC-AF8F-FE03BCAE4DA3}.Release|Any CPU.Build.0 = Release|Any CPU
	EndGlobalSection
	GlobalSection(SolutionProperties) = preSolution
		HideSolutionNode = FALSE
	EndGlobalSection
	GlobalSection(ExtensibilityGlobals) = postSolution
		SolutionGuid = {87F66CC3-B795-4059-8CD4-F79A9BD02BC5}
	EndGlobalSection
EndGlobal
